
Microsoft Visual Studio Solution File, Format Version 12.00
# Visual Studio Version 17
VisualStudioVersion = 17.11.35222.181
MinimumVisualStudioVersion = 10.0.40219.1
Project("{9A19103F-16F7-4668-BE54-9A1E7A4F7556}") = "BlazorApp", "BlazorApp\BlazorApp.csproj", "{97A7A231-86FD-4A57-B04A-24F2D8FA7DBB}"
EndProject
Global
	GlobalSection(SolutionConfigurationPlatforms) = preSolution
		Debug|Any CPU = Debug|Any CPU
		Release|Any CPU = Release|Any CPU
	EndGlobalSection
	GlobalSection(ProjectConfigurationPlatforms) = postSolution
		{97A7A231-86FD-4A57-B04A-24F2D8FA7DBB}.Debug|Any CPU.ActiveCfg = Debug|Any CPU
		{97A7A231-86FD-4A57-B04A-24F2D8FA7DBB}.Debug|Any CPU.Build.0 = Debug|Any CPU
		{97A7A231-86FD-4A57-B04A-24F2D8FA7DBB}.Release|Any CPU.ActiveCfg = Release|Any CPU
		{97A7A231-86FD-4A57-B04A-24F2D8FA7DBB}.Release|Any CPU.Build.0 = Release|Any CPU
	EndGlobalSection
	GlobalSection(SolutionProperties) = preSolution
		HideSolutionNode = FALSE
	EndGlobalSection
	GlobalSection(ExtensibilityGlobals) = postSolution
		SolutionGuid = {1486C049-EDF4-47AA-88A2-63F9791AB0A0}
	EndGlobalSection
EndGlobal
