
Microsoft Visual Studio Solution File, Format Version 12.00
# Visual Studio Version 17
VisualStudioVersion = 17.11.35222.181
MinimumVisualStudioVersion = 10.0.40219.1
Project("{9A19103F-16F7-4668-BE54-9A1E7A4F7556}") = "OOPsReview", "OOPsReview\OOPsReview.csproj", "{BB40F661-37CE-430F-8FB8-6783E32837F2}"
EndProject
Project("{9A19103F-16F7-4668-BE54-9A1E7A4F7556}") = "UnirTestinForSystem", "UnirTestinForSystem\UnirTestinForSystem.csproj", "{4F02C5DA-1DD6-438E-9EEE-5C760C4F74F4}"
EndProject
Project("{FAE04EC0-301F-11D3-BF4B-00C04F79EFBC}") = "TDDUnitTesting", "TDDUnitTesting\TDDUnitTesting.csproj", "{ACCE3B5D-E0BA-4843-B1D0-ADB5A1A93CB8}"
EndProject
Global
	GlobalSection(SolutionConfigurationPlatforms) = preSolution
		Debug|Any CPU = Debug|Any CPU
		Release|Any CPU = Release|Any CPU
	EndGlobalSection
	GlobalSection(ProjectConfigurationPlatforms) = postSolution
		{BB40F661-37CE-430F-8FB8-6783E32837F2}.Debug|Any CPU.ActiveCfg = Debug|Any CPU
		{BB40F661-37CE-430F-8FB8-6783E32837F2}.Debug|Any CPU.Build.0 = Debug|Any CPU
		{BB40F661-37CE-430F-8FB8-6783E32837F2}.Release|Any CPU.ActiveCfg = Release|Any CPU
		{BB40F661-37CE-430F-8FB8-6783E32837F2}.Release|Any CPU.Build.0 = Release|Any CPU
		{4F02C5DA-1DD6-438E-9EEE-5C760C4F74F4}.Debug|Any CPU.ActiveCfg = Debug|Any CPU
		{4F02C5DA-1DD6-438E-9EEE-5C760C4F74F4}.Debug|Any CPU.Build.0 = Debug|Any CPU
		{4F02C5DA-1DD6-438E-9EEE-5C760C4F74F4}.Release|Any CPU.ActiveCfg = Release|Any CPU
		{4F02C5DA-1DD6-438E-9EEE-5C760C4F74F4}.Release|Any CPU.Build.0 = Release|Any CPU
		{ACCE3B5D-E0BA-4843-B1D0-ADB5A1A93CB8}.Debug|Any CPU.ActiveCfg = Debug|Any CPU
		{ACCE3B5D-E0BA-4843-B1D0-ADB5A1A93CB8}.Debug|Any CPU.Build.0 = Debug|Any CPU
		{ACCE3B5D-E0BA-4843-B1D0-ADB5A1A93CB8}.Release|Any CPU.ActiveCfg = Release|Any CPU
		{ACCE3B5D-E0BA-4843-B1D0-ADB5A1A93CB8}.Release|Any CPU.Build.0 = Release|Any CPU
	EndGlobalSection
	GlobalSection(SolutionProperties) = preSolution
		HideSolutionNode = FALSE
	EndGlobalSection
	GlobalSection(ExtensibilityGlobals) = postSolution
		SolutionGuid = {0E59B357-1CA5-482C-ADC0-311FFB79F842}
	EndGlobalSection
EndGlobal
